
Microsoft Visual Studio Solution File, Format Version 12.00
# Visual Studio 15
VisualStudioVersion = 15.0.28010.2026
MinimumVisualStudioVersion = 10.0.40219.1
Project("{8BC9CEB8-8B4A-11D0-8D11-00A0C91BC942}") = "HelloWorld", "HelloWorld\HelloWorld.vcxproj", "{09ACAA10-1758-4326-A58E-A3A3A475E4E7}"
EndProject
Project("{8BC9CEB8-8B4A-11D0-8D11-00A0C91BC942}") = "test_map_list", "test_map_list\test_map_list.vcxproj", "{66D700CE-2E4D-47ED-9189-929E9C8745CD}"
EndProject
Project("{8BC9CEB8-8B4A-11D0-8D11-00A0C91BC942}") = "testSort", "testSort\testSort.vcxproj", "{EB67F2D2-1BDB-40AE-9AE7-9842D107C93F}"
EndProject
Global
	GlobalSection(SolutionConfigurationPlatforms) = preSolution
		Debug|x64 = Debug|x64
		Debug|x86 = Debug|x86
		Release|x64 = Release|x64
		Release|x86 = Release|x86
	EndGlobalSection
	GlobalSection(ProjectConfigurationPlatforms) = postSolution
		{09ACAA10-1758-4326-A58E-A3A3A475E4E7}.Debug|x64.ActiveCfg = Debug|x64
		{09ACAA10-1758-4326-A58E-A3A3A475E4E7}.Debug|x64.Build.0 = Debug|x64
		{09ACAA10-1758-4326-A58E-A3A3A475E4E7}.Debug|x86.ActiveCfg = Debug|Win32
		{09ACAA10-1758-4326-A58E-A3A3A475E4E7}.Debug|x86.Build.0 = Debug|Win32
		{09ACAA10-1758-4326-A58E-A3A3A475E4E7}.Release|x64.ActiveCfg = Release|x64
		{09ACAA10-1758-4326-A58E-A3A3A475E4E7}.Release|x64.Build.0 = Release|x64
		{09ACAA10-1758-4326-A58E-A3A3A475E4E7}.Release|x86.ActiveCfg = Release|Win32
		{09ACAA10-1758-4326-A58E-A3A3A475E4E7}.Release|x86.Build.0 = Release|Win32
		{66D700CE-2E4D-47ED-9189-929E9C8745CD}.Debug|x64.ActiveCfg = Debug|x64
		{66D700CE-2E4D-47ED-9189-929E9C8745CD}.Debug|x64.Build.0 = Debug|x64
		{66D700CE-2E4D-47ED-9189-929E9C8745CD}.Debug|x86.ActiveCfg = Debug|Win32
		{66D700CE-2E4D-47ED-9189-929E9C8745CD}.Debug|x86.Build.0 = Debug|Win32
		{66D700CE-2E4D-47ED-9189-929E9C8745CD}.Release|x64.ActiveCfg = Release|x64
		{66D700CE-2E4D-47ED-9189-929E9C8745CD}.Release|x64.Build.0 = Release|x64
		{66D700CE-2E4D-47ED-9189-929E9C8745CD}.Release|x86.ActiveCfg = Release|Win32
		{66D700CE-2E4D-47ED-9189-929E9C8745CD}.Release|x86.Build.0 = Release|Win32
		{EB67F2D2-1BDB-40AE-9AE7-9842D107C93F}.Debug|x64.ActiveCfg = Debug|x64
		{EB67F2D2-1BDB-40AE-9AE7-9842D107C93F}.Debug|x64.Build.0 = Debug|x64
		{EB67F2D2-1BDB-40AE-9AE7-9842D107C93F}.Debug|x86.ActiveCfg = Debug|Win32
		{EB67F2D2-1BDB-40AE-9AE7-9842D107C93F}.Debug|x86.Build.0 = Debug|Win32
		{EB67F2D2-1BDB-40AE-9AE7-9842D107C93F}.Release|x64.ActiveCfg = Release|x64
		{EB67F2D2-1BDB-40AE-9AE7-9842D107C93F}.Release|x64.Build.0 = Release|x64
		{EB67F2D2-1BDB-40AE-9AE7-9842D107C93F}.Release|x86.ActiveCfg = Release|Win32
		{EB67F2D2-1BDB-40AE-9AE7-9842D107C93F}.Release|x86.Build.0 = Release|Win32
	EndGlobalSection
	GlobalSection(SolutionProperties) = preSolution
		HideSolutionNode = FALSE
	EndGlobalSection
	GlobalSection(ExtensibilityGlobals) = postSolution
		SolutionGuid = {E7A7EE52-4EF0-4681-97C8-E38D05FF893A}
	EndGlobalSection
EndGlobal
